
Microsoft Visual Studio Solution File, Format Version 12.00
# Visual Studio Version 17
VisualStudioVersion = 17.3.32819.101
MinimumVisualStudioVersion = 10.0.40219.1
Project("{FAE04EC0-301F-11D3-BF4B-00C04F79EFBC}") = "RestNodeUMM", "RestNodeUMM\RestNodeUMM.csproj", "{06239D0A-A8BC-49EC-B966-E5C950E41F5F}"
EndProject
Global
	GlobalSection(SolutionConfigurationPlatforms) = preSolution
		Debug|Any CPU = Debug|Any CPU
		Release|Any CPU = Release|Any CPU
	EndGlobalSection
	GlobalSection(ProjectConfigurationPlatforms) = postSolution
		{06239D0A-A8BC-49EC-B966-E5C950E41F5F}.Debug|Any CPU.ActiveCfg = Debug|Any CPU
		{06239D0A-A8BC-49EC-B966-E5C950E41F5F}.Debug|Any CPU.Build.0 = Debug|Any CPU
		{06239D0A-A8BC-49EC-B966-E5C950E41F5F}.Release|Any CPU.ActiveCfg = Release|Any CPU
		{06239D0A-A8BC-49EC-B966-E5C950E41F5F}.Release|Any CPU.Build.0 = Release|Any CPU
	EndGlobalSection
	GlobalSection(SolutionProperties) = preSolution
		HideSolutionNode = FALSE
	EndGlobalSection
	GlobalSection(ExtensibilityGlobals) = postSolution
		SolutionGuid = {CF20CE53-2334-481C-BFA1-8460C74F2803}
	EndGlobalSection
EndGlobal
